
Microsoft Visual Studio Solution File, Format Version 12.00
# Visual Studio 2012
Project("{8BC9CEB8-8B4A-11D0-8D11-00A0C91BC942}") = "Assignment1", "Assignment1\Assignment1.vcxproj", "{382F4480-C689-4280-A2E2-FC9A3823F543}"
EndProject
Project("{2150E333-8FDC-42A3-9474-1A3956D46DE8}") = "Solution Items", "Solution Items", "{BF201D25-8A9E-4770-8557-1B644C43C8D7}"
EndProject
Global
	GlobalSection(SolutionConfigurationPlatforms) = preSolution
		Debug|ARM = Debug|ARM
		Debug|Win32 = Debug|Win32
		Release|ARM = Release|ARM
		Release|Win32 = Release|Win32
	EndGlobalSection
	GlobalSection(ProjectConfigurationPlatforms) = postSolution
		{382F4480-C689-4280-A2E2-FC9A3823F543}.Debug|ARM.ActiveCfg = Debug|ARM
		{382F4480-C689-4280-A2E2-FC9A3823F543}.Debug|ARM.Build.0 = Debug|ARM
		{382F4480-C689-4280-A2E2-FC9A3823F543}.Debug|Win32.ActiveCfg = Debug|Win32
		{382F4480-C689-4280-A2E2-FC9A3823F543}.Debug|Win32.Build.0 = Debug|Win32
		{382F4480-C689-4280-A2E2-FC9A3823F543}.Release|ARM.ActiveCfg = Release|ARM
		{382F4480-C689-4280-A2E2-FC9A3823F543}.Release|ARM.Build.0 = Release|ARM
		{382F4480-C689-4280-A2E2-FC9A3823F543}.Release|Win32.ActiveCfg = Release|Win32
		{382F4480-C689-4280-A2E2-FC9A3823F543}.Release|Win32.Build.0 = Release|Win32
	EndGlobalSection
	GlobalSection(SolutionProperties) = preSolution
		HideSolutionNode = FALSE
	EndGlobalSection
EndGlobal
