
Microsoft Visual Studio Solution File, Format Version 12.00
# Visual Studio 2012
Project("{8BC9CEB8-8B4A-11D0-8D11-00A0C91BC942}") = "Assignment 1b", "Assignment 1b\Assignment 1b.vcxproj", "{F44E11AA-9A16-40B1-B54E-B598B4A25277}"
EndProject
Global
	GlobalSection(SolutionConfigurationPlatforms) = preSolution
		Debug|Win32 = Debug|Win32
		Release|Win32 = Release|Win32
	EndGlobalSection
	GlobalSection(ProjectConfigurationPlatforms) = postSolution
		{F44E11AA-9A16-40B1-B54E-B598B4A25277}.Debug|Win32.ActiveCfg = Debug|Win32
		{F44E11AA-9A16-40B1-B54E-B598B4A25277}.Debug|Win32.Build.0 = Debug|Win32
		{F44E11AA-9A16-40B1-B54E-B598B4A25277}.Release|Win32.ActiveCfg = Release|Win32
		{F44E11AA-9A16-40B1-B54E-B598B4A25277}.Release|Win32.Build.0 = Release|Win32
	EndGlobalSection
	GlobalSection(SolutionProperties) = preSolution
		HideSolutionNode = FALSE
	EndGlobalSection
EndGlobal
